
Microsoft Visual Studio Solution File, Format Version 12.00
# Visual Studio Version 17
VisualStudioVersion = 17.12.35728.132
MinimumVisualStudioVersion = 10.0.40219.1
Project("{FAE04EC0-301F-11D3-BF4B-00C04F79EFBC}") = "Splek", "Splek.csproj", "{155B8481-992D-4372-A052-769A8BC7EB15}"
EndProject
Project("{FAE04EC0-301F-11D3-BF4B-00C04F79EFBC}") = "DataTransformLayer", "..\DataTransformLayer\DataTransformLayer.csproj", "{8846B8E0-103A-5CB1-87A9-CE3E4B624EC5}"
EndProject
Project("{FAE04EC0-301F-11D3-BF4B-00C04F79EFBC}") = "ConnectorLayer", "..\ConnectorLayer\ConnectorLayer.csproj", "{FE45DEB7-89AA-44BD-BA72-7D50C2B4E9E7}"
EndProject
Project("{FAE04EC0-301F-11D3-BF4B-00C04F79EFBC}") = "TestProject", "..\TestProject\TestProject.csproj", "{1CB47236-F948-4A1F-B7BB-C4EEE6BA232A}"
EndProject
Global
	GlobalSection(SolutionConfigurationPlatforms) = preSolution
		Debug|Any CPU = Debug|Any CPU
		Release|Any CPU = Release|Any CPU
	EndGlobalSection
	GlobalSection(ProjectConfigurationPlatforms) = postSolution
		{155B8481-992D-4372-A052-769A8BC7EB15}.Debug|Any CPU.ActiveCfg = Debug|Any CPU
		{155B8481-992D-4372-A052-769A8BC7EB15}.Debug|Any CPU.Build.0 = Debug|Any CPU
		{155B8481-992D-4372-A052-769A8BC7EB15}.Release|Any CPU.ActiveCfg = Release|Any CPU
		{155B8481-992D-4372-A052-769A8BC7EB15}.Release|Any CPU.Build.0 = Release|Any CPU
		{8846B8E0-103A-5CB1-87A9-CE3E4B624EC5}.Debug|Any CPU.ActiveCfg = Debug|Any CPU
		{8846B8E0-103A-5CB1-87A9-CE3E4B624EC5}.Debug|Any CPU.Build.0 = Debug|Any CPU
		{8846B8E0-103A-5CB1-87A9-CE3E4B624EC5}.Release|Any CPU.ActiveCfg = Release|Any CPU
		{8846B8E0-103A-5CB1-87A9-CE3E4B624EC5}.Release|Any CPU.Build.0 = Release|Any CPU
		{FE45DEB7-89AA-44BD-BA72-7D50C2B4E9E7}.Debug|Any CPU.ActiveCfg = Debug|Any CPU
		{FE45DEB7-89AA-44BD-BA72-7D50C2B4E9E7}.Debug|Any CPU.Build.0 = Debug|Any CPU
		{FE45DEB7-89AA-44BD-BA72-7D50C2B4E9E7}.Release|Any CPU.ActiveCfg = Release|Any CPU
		{FE45DEB7-89AA-44BD-BA72-7D50C2B4E9E7}.Release|Any CPU.Build.0 = Release|Any CPU
		{1CB47236-F948-4A1F-B7BB-C4EEE6BA232A}.Debug|Any CPU.ActiveCfg = Debug|Any CPU
		{1CB47236-F948-4A1F-B7BB-C4EEE6BA232A}.Debug|Any CPU.Build.0 = Debug|Any CPU
		{1CB47236-F948-4A1F-B7BB-C4EEE6BA232A}.Release|Any CPU.ActiveCfg = Release|Any CPU
		{1CB47236-F948-4A1F-B7BB-C4EEE6BA232A}.Release|Any CPU.Build.0 = Release|Any CPU
	EndGlobalSection
	GlobalSection(SolutionProperties) = preSolution
		HideSolutionNode = FALSE
	EndGlobalSection
	GlobalSection(ExtensibilityGlobals) = postSolution
		SolutionGuid = {E33B6315-A73E-43EB-8CBF-DFFC3CB42BB0}
	EndGlobalSection
EndGlobal
